// !$*UTF8*$!
{
	archiveVersion = 1;
	classes = {
	};
	objectVersion = 56;
	objects = {

/* Begin PBXBuildFile section */
		3BE3B43C2B600EA1009BAA36 /* RealityKitContent in Frameworks */ = {isa = PBXBuildFile; productRef = 3BE3B43B2B600EA1009BAA36 /* RealityKitContent */; };
		3BE3B43E2B600EA1009BAA36 /* sptial_audioApp.swift in Sources */ = {isa = PBXBuildFile; fileRef = 3BE3B43D2B600EA1009BAA36 /* sptial_audioApp.swift */; };
		3BE3B4402B600EA1009BAA36 /* ContentView.swift in Sources */ = {isa = PBXBuildFile; fileRef = 3BE3B43F2B600EA1009BAA36 /* ContentView.swift */; };
		3BE3B4422B600EA3009BAA36 /* Assets.xcassets in Resources */ = {isa = PBXBuildFile; fileRef = 3BE3B4412B600EA3009BAA36 /* Assets.xcassets */; };
		3BE3B4452B600EA3009BAA36 /* Preview Assets.xcassets in Resources */ = {isa = PBXBuildFile; fileRef = 3BE3B4442B600EA3009BAA36 /* Preview Assets.xcassets */; };
		3BE3B4502B600EA3009BAA36 /* sptial_audioTests.swift in Sources */ = {isa = PBXBuildFile; fileRef = 3BE3B44F2B600EA3009BAA36 /* sptial_audioTests.swift */; };
/* End PBXBuildFile section */

/* Begin PBXContainerItemProxy section */
		3BE3B44C2B600EA3009BAA36 /* PBXContainerItemProxy */ = {
			isa = PBXContainerItemProxy;
			containerPortal = 3BE3B42E2B600EA1009BAA36 /* Project object */;
			proxyType = 1;
			remoteGlobalIDString = 3BE3B4352B600EA1009BAA36;
			remoteInfo = "sptial-audio";
		};
/* End PBXContainerItemProxy section */

/* Begin PBXFileReference section */
		3BE3B4362B600EA1009BAA36 /* sptial-audio.app */ = {isa = PBXFileReference; explicitFileType = wrapper.application; includeInIndex = 0; path = "sptial-audio.app"; sourceTree = BUILT_PRODUCTS_DIR; };
		3BE3B43A2B600EA1009BAA36 /* RealityKitContent */ = {isa = PBXFileReference; lastKnownFileType = wrapper; path = RealityKitContent; sourceTree = "<group>"; };
		3BE3B43D2B600EA1009BAA36 /* sptial_audioApp.swift */ = {isa = PBXFileReference; lastKnownFileType = sourcecode.swift; path = sptial_audioApp.swift; sourceTree = "<group>"; };
		3BE3B43F2B600EA1009BAA36 /* ContentView.swift */ = {isa = PBXFileReference; lastKnownFileType = sourcecode.swift; path = ContentView.swift; sourceTree = "<group>"; };
		3BE3B4412B600EA3009BAA36 /* Assets.xcassets */ = {isa = PBXFileReference; lastKnownFileType = folder.assetcatalog; path = Assets.xcassets; sourceTree = "<group>"; };
		3BE3B4442B600EA3009BAA36 /* Preview Assets.xcassets */ = {isa = PBXFileReference; lastKnownFileType = folder.assetcatalog; path = "Preview Assets.xcassets"; sourceTree = "<group>"; };
		3BE3B4462B600EA3009BAA36 /* Info.plist */ = {isa = PBXFileReference; lastKnownFileType = text.plist.xml; path = Info.plist; sourceTree = "<group>"; };
		3BE3B44B2B600EA3009BAA36 /* sptial-audioTests.xctest */ = {isa = PBXFileReference; explicitFileType = wrapper.cfbundle; includeInIndex = 0; path = "sptial-audioTests.xctest"; sourceTree = BUILT_PRODUCTS_DIR; };
		3BE3B44F2B600EA3009BAA36 /* sptial_audioTests.swift */ = {isa = PBXFileReference; lastKnownFileType = sourcecode.swift; path = sptial_audioTests.swift; sourceTree = "<group>"; };
/* End PBXFileReference section */

/* Begin PBXFrameworksBuildPhase section */
		3BE3B4332B600EA1009BAA36 /* Frameworks */ = {
			isa = PBXFrameworksBuildPhase;
			buildActionMask = 2147483647;
			files = (
				3BE3B43C2B600EA1009BAA36 /* RealityKitContent in Frameworks */,
			);
			runOnlyForDeploymentPostprocessing = 0;
		};
		3BE3B4482B600EA3009BAA36 /* Frameworks */ = {
			isa = PBXFrameworksBuildPhase;
			buildActionMask = 2147483647;
			files = (
			);
			runOnlyForDeploymentPostprocessing = 0;
		};
/* End PBXFrameworksBuildPhase section */

/* Begin PBXGroup section */
		3BE3B42D2B600EA1009BAA36 = {
			isa = PBXGroup;
			children = (
				3BE3B4382B600EA1009BAA36 /* sptial-audio */,
				3BE3B4392B600EA1009BAA36 /* Packages */,
				3BE3B44E2B600EA3009BAA36 /* sptial-audioTests */,
				3BE3B4372B600EA1009BAA36 /* Products */,
			);
			sourceTree = "<group>";
		};
		3BE3B4372B600EA1009BAA36 /* Products */ = {
			isa = PBXGroup;
			children = (
				3BE3B4362B600EA1009BAA36 /* sptial-audio.app */,
				3BE3B44B2B600EA3009BAA36 /* sptial-audioTests.xctest */,
			);
			name = Products;
			sourceTree = "<group>";
		};
		3BE3B4382B600EA1009BAA36 /* sptial-audio */ = {
			isa = PBXGroup;
			children = (
				3BE3B43D2B600EA1009BAA36 /* sptial_audioApp.swift */,
				3BE3B43F2B600EA1009BAA36 /* ContentView.swift */,
				3BE3B4412B600EA3009BAA36 /* Assets.xcassets */,
				3BE3B4462B600EA3009BAA36 /* Info.plist */,
				3BE3B4432B600EA3009BAA36 /* Preview Content */,
			);
			path = "sptial-audio";
			sourceTree = "<group>";
		};
		3BE3B4392B600EA1009BAA36 /* Packages */ = {
			isa = PBXGroup;
			children = (
				3BE3B43A2B600EA1009BAA36 /* RealityKitContent */,
			);
			path = Packages;
			sourceTree = "<group>";
		};
		3BE3B4432B600EA3009BAA36 /* Preview Content */ = {
			isa = PBXGroup;
			children = (
				3BE3B4442B600EA3009BAA36 /* Preview Assets.xcassets */,
			);
			path = "Preview Content";
			sourceTree = "<group>";
		};
		3BE3B44E2B600EA3009BAA36 /* sptial-audioTests */ = {
			isa = PBXGroup;
			children = (
				3BE3B44F2B600EA3009BAA36 /* sptial_audioTests.swift */,
			);
			path = "sptial-audioTests";
			sourceTree = "<group>";
		};
/* End PBXGroup section */

/* Begin PBXNativeTarget section */
		3BE3B4352B600EA1009BAA36 /* sptial-audio */ = {
			isa = PBXNativeTarget;
			buildConfigurationList = 3BE3B4532B600EA3009BAA36 /* Build configuration list for PBXNativeTarget "sptial-audio" */;
			buildPhases = (
				3BE3B4322B600EA1009BAA36 /* Sources */,
				3BE3B4332B600EA1009BAA36 /* Frameworks */,
				3BE3B4342B600EA1009BAA36 /* Resources */,
			);
			buildRules = (
			);
			dependencies = (
			);
			name = "sptial-audio";
			packageProductDependencies = (
				3BE3B43B2B600EA1009BAA36 /* RealityKitContent */,
			);
			productName = "sptial-audio";
			productReference = 3BE3B4362B600EA1009BAA36 /* sptial-audio.app */;
			productType = "com.apple.product-type.application";
		};
		3BE3B44A2B600EA3009BAA36 /* sptial-audioTests */ = {
			isa = PBXNativeTarget;
			buildConfigurationList = 3BE3B4562B600EA3009BAA36 /* Build configuration list for PBXNativeTarget "sptial-audioTests" */;
			buildPhases = (
				3BE3B4472B600EA3009BAA36 /* Sources */,
				3BE3B4482B600EA3009BAA36 /* Frameworks */,
				3BE3B4492B600EA3009BAA36 /* Resources */,
			);
			buildRules = (
			);
			dependencies = (
				3BE3B44D2B600EA3009BAA36 /* PBXTargetDependency */,
			);
			name = "sptial-audioTests";
			productName = "sptial-audioTests";
			productReference = 3BE3B44B2B600EA3009BAA36 /* sptial-audioTests.xctest */;
			productType = "com.apple.product-type.bundle.unit-test";
		};
/* End PBXNativeTarget section */

/* Begin PBXProject section */
		3BE3B42E2B600EA1009BAA36 /* Project object */ = {
			isa = PBXProject;
			attributes = {
				BuildIndependentTargetsInParallel = 1;
				LastSwiftUpdateCheck = 1520;
				LastUpgradeCheck = 1520;
				TargetAttributes = {
					3BE3B4352B600EA1009BAA36 = {
						CreatedOnToolsVersion = 15.2;
					};
					3BE3B44A2B600EA3009BAA36 = {
						CreatedOnToolsVersion = 15.2;
						TestTargetID = 3BE3B4352B600EA1009BAA36;
					};
				};
			};
			buildConfigurationList = 3BE3B4312B600EA1009BAA36 /* Build configuration list for PBXProject "sptial-audio" */;
			compatibilityVersion = "Xcode 14.0";
			developmentRegion = en;
			hasScannedForEncodings = 0;
			knownRegions = (
				en,
				Base,
			);
			mainGroup = 3BE3B42D2B600EA1009BAA36;
			productRefGroup = 3BE3B4372B600EA1009BAA36 /* Products */;
			projectDirPath = "";
			projectRoot = "";
			targets = (
				3BE3B4352B600EA1009BAA36 /* sptial-audio */,
				3BE3B44A2B600EA3009BAA36 /* sptial-audioTests */,
			);
		};
/* End PBXProject section */

/* Begin PBXResourcesBuildPhase section */
		3BE3B4342B600EA1009BAA36 /* Resources */ = {
			isa = PBXResourcesBuildPhase;
			buildActionMask = 2147483647;
			files = (
				3BE3B4452B600EA3009BAA36 /* Preview Assets.xcassets in Resources */,
				3BE3B4422B600EA3009BAA36 /* Assets.xcassets in Resources */,
			);
			runOnlyForDeploymentPostprocessing = 0;
		};
		3BE3B4492B600EA3009BAA36 /* Resources */ = {
			isa = PBXResourcesBuildPhase;
			buildActionMask = 2147483647;
			files = (
			);
			runOnlyForDeploymentPostprocessing = 0;
		};
/* End PBXResourcesBuildPhase section */

/* Begin PBXSourcesBuildPhase section */
		3BE3B4322B600EA1009BAA36 /* Sources */ = {
			isa = PBXSourcesBuildPhase;
			buildActionMask = 2147483647;
			files = (
				3BE3B4402B600EA1009BAA36 /* ContentView.swift in Sources */,
				3BE3B43E2B600EA1009BAA36 /* sptial_audioApp.swift in Sources */,
			);
			runOnlyForDeploymentPostprocessing = 0;
		};
		3BE3B4472B600EA3009BAA36 /* Sources */ = {
			isa = PBXSourcesBuildPhase;
			buildActionMask = 2147483647;
			files = (
				3BE3B4502B600EA3009BAA36 /* sptial_audioTests.swift in Sources */,
			);
			runOnlyForDeploymentPostprocessing = 0;
		};
/* End PBXSourcesBuildPhase section */

/* Begin PBXTargetDependency section */
		3BE3B44D2B600EA3009BAA36 /* PBXTargetDependency */ = {
			isa = PBXTargetDependency;
			target = 3BE3B4352B600EA1009BAA36 /* sptial-audio */;
			targetProxy = 3BE3B44C2B600EA3009BAA36 /* PBXContainerItemProxy */;
		};
/* End PBXTargetDependency section */

/* Begin XCBuildConfiguration section */
		3BE3B4512B600EA3009BAA36 /* Debug */ = {
			isa = XCBuildConfiguration;
			buildSettings = {
				ALWAYS_SEARCH_USER_PATHS = NO;
				ASSETCATALOG_COMPILER_GENERATE_SWIFT_ASSET_SYMBOL_EXTENSIONS = YES;
				CLANG_ANALYZER_NONNULL = YES;
				CLANG_ANALYZER_NUMBER_OBJECT_CONVERSION = YES_AGGRESSIVE;
				CLANG_CXX_LANGUAGE_STANDARD = "gnu++20";
				CLANG_ENABLE_MODULES = YES;
				CLANG_ENABLE_OBJC_ARC = YES;
				CLANG_ENABLE_OBJC_WEAK = YES;
				CLANG_WARN_BLOCK_CAPTURE_AUTORELEASING = YES;
				CLANG_WARN_BOOL_CONVERSION = YES;
				CLANG_WARN_COMMA = YES;
				CLANG_WARN_CONSTANT_CONVERSION = YES;
				CLANG_WARN_DEPRECATED_OBJC_IMPLEMENTATIONS = YES;
				CLANG_WARN_DIRECT_OBJC_ISA_USAGE = YES_ERROR;
				CLANG_WARN_DOCUMENTATION_COMMENTS = YES;
				CLANG_WARN_EMPTY_BODY = YES;
				CLANG_WARN_ENUM_CONVERSION = YES;
				CLANG_WARN_INFINITE_RECURSION = YES;
				CLANG_WARN_INT_CONVERSION = YES;
				CLANG_WARN_NON_LITERAL_NULL_CONVERSION = YES;
				CLANG_WARN_OBJC_IMPLICIT_RETAIN_SELF = YES;
				CLANG_WARN_OBJC_LITERAL_CONVERSION = YES;
				CLANG_WARN_OBJC_ROOT_CLASS = YES_ERROR;
				CLANG_WARN_QUOTED_INCLUDE_IN_FRAMEWORK_HEADER = YES;
				CLANG_WARN_RANGE_LOOP_ANALYSIS = YES;
				CLANG_WARN_STRICT_PROTOTYPES = YES;
				CLANG_WARN_SUSPICIOUS_MOVE = YES;
				CLANG_WARN_UNGUARDED_AVAILABILITY = YES_AGGRESSIVE;
				CLANG_WARN_UNREACHABLE_CODE = YES;
				CLANG_WARN__DUPLICATE_METHOD_MATCH = YES;
				COPY_PHASE_STRIP = NO;
				DEBUG_INFORMATION_FORMAT = dwarf;
				ENABLE_STRICT_OBJC_MSGSEND = YES;
				ENABLE_TESTABILITY = YES;
				ENABLE_USER_SCRIPT_SANDBOXING = YES;
				GCC_C_LANGUAGE_STANDARD = gnu17;
				GCC_DYNAMIC_NO_PIC = NO;
				GCC_NO_COMMON_BLOCKS = YES;
				GCC_OPTIMIZATION_LEVEL = 0;
				GCC_PREPROCESSOR_DEFINITIONS = (
					"DEBUG=1",
					"$(inherited)",
				);
				GCC_WARN_64_TO_32_BIT_CONVERSION = YES;
				GCC_WARN_ABOUT_RETURN_TYPE = YES_ERROR;
				GCC_WARN_UNDECLARED_SELECTOR = YES;
				GCC_WARN_UNINITIALIZED_AUTOS = YES_AGGRESSIVE;
				GCC_WARN_UNUSED_FUNCTION = YES;
				GCC_WARN_UNUSED_VARIABLE = YES;
				LOCALIZATION_PREFERS_STRING_CATALOGS = YES;
				MTL_ENABLE_DEBUG_INFO = INCLUDE_SOURCE;
				MTL_FAST_MATH = YES;
				ONLY_ACTIVE_ARCH = YES;
				SDKROOT = xros;
				SWIFT_ACTIVE_COMPILATION_CONDITIONS = "DEBUG $(inherited)";
				SWIFT_OPTIMIZATION_LEVEL = "-Onone";
				XROS_DEPLOYMENT_TARGET = 1.0;
			};
			name = Debug;
		};
		3BE3B4522B600EA3009BAA36 /* Release */ = {
			isa = XCBuildConfiguration;
			buildSettings = {
				ALWAYS_SEARCH_USER_PATHS = NO;
				ASSETCATALOG_COMPILER_GENERATE_SWIFT_ASSET_SYMBOL_EXTENSIONS = YES;
				CLANG_ANALYZER_NONNULL = YES;
				CLANG_ANALYZER_NUMBER_OBJECT_CONVERSION = YES_AGGRESSIVE;
				CLANG_CXX_LANGUAGE_STANDARD = "gnu++20";
				CLANG_ENABLE_MODULES = YES;
				CLANG_ENABLE_OBJC_ARC = YES;
				CLANG_ENABLE_OBJC_WEAK = YES;
				CLANG_WARN_BLOCK_CAPTURE_AUTORELEASING = YES;
				CLANG_WARN_BOOL_CONVERSION = YES;
				CLANG_WARN_COMMA = YES;
				CLANG_WARN_CONSTANT_CONVERSION = YES;
				CLANG_WARN_DEPRECATED_OBJC_IMPLEMENTATIONS = YES;
				CLANG_WARN_DIRECT_OBJC_ISA_USAGE = YES_ERROR;
				CLANG_WARN_DOCUMENTATION_COMMENTS = YES;
				CLANG_WARN_EMPTY_BODY = YES;
				CLANG_WARN_ENUM_CONVERSION = YES;
				CLANG_WARN_INFINITE_RECURSION = YES;
				CLANG_WARN_INT_CONVERSION = YES;
				CLANG_WARN_NON_LITERAL_NULL_CONVERSION = YES;
				CLANG_WARN_OBJC_IMPLICIT_RETAIN_SELF = YES;
				CLANG_WARN_OBJC_LITERAL_CONVERSION = YES;
				CLANG_WARN_OBJC_ROOT_CLASS = YES_ERROR;
				CLANG_WARN_QUOTED_INCLUDE_IN_FRAMEWORK_HEADER = YES;
				CLANG_WARN_RANGE_LOOP_ANALYSIS = YES;
				CLANG_WARN_STRICT_PROTOTYPES = YES;
				CLANG_WARN_SUSPICIOUS_MOVE = YES;
				CLANG_WARN_UNGUARDED_AVAILABILITY = YES_AGGRESSIVE;
				CLANG_WARN_UNREACHABLE_CODE = YES;
				CLANG_WARN__DUPLICATE_METHOD_MATCH = YES;
				COPY_PHASE_STRIP = NO;
				DEBUG_INFORMATION_FORMAT = "dwarf-with-dsym";
				ENABLE_NS_ASSERTIONS = NO;
				ENABLE_STRICT_OBJC_MSGSEND = YES;
				ENABLE_USER_SCRIPT_SANDBOXING = YES;
				GCC_C_LANGUAGE_STANDARD = gnu17;
				GCC_NO_COMMON_BLOCKS = YES;
				GCC_WARN_64_TO_32_BIT_CONVERSION = YES;
				GCC_WARN_ABOUT_RETURN_TYPE = YES_ERROR;
				GCC_WARN_UNDECLARED_SELECTOR = YES;
				GCC_WARN_UNINITIALIZED_AUTOS = YES_AGGRESSIVE;
				GCC_WARN_UNUSED_FUNCTION = YES;
				GCC_WARN_UNUSED_VARIABLE = YES;
				LOCALIZATION_PREFERS_STRING_CATALOGS = YES;
				MTL_ENABLE_DEBUG_INFO = NO;
				MTL_FAST_MATH = YES;
				SDKROOT = xros;
				SWIFT_COMPILATION_MODE = wholemodule;
				VALIDATE_PRODUCT = YES;
				XROS_DEPLOYMENT_TARGET = 1.0;
			};
			name = Release;
		};
		3BE3B4542B600EA3009BAA36 /* Debug */ = {
			isa = XCBuildConfiguration;
			buildSettings = {
				ASSETCATALOG_COMPILER_APPICON_NAME = AppIcon;
				ASSETCATALOG_COMPILER_GLOBAL_ACCENT_COLOR_NAME = AccentColor;
				CODE_SIGN_STYLE = Automatic;
				CURRENT_PROJECT_VERSION = 1;
				DEVELOPMENT_ASSET_PATHS = "\"sptial-audio/Preview Content\"";
				ENABLE_PREVIEWS = YES;
				GENERATE_INFOPLIST_FILE = YES;
				INFOPLIST_FILE = "$(TARGET_NAME)/Info.plist";
				LD_RUNPATH_SEARCH_PATHS = (
					"$(inherited)",
					"@executable_path/Frameworks",
				);
				MARKETING_VERSION = 1.0;
				PRODUCT_BUNDLE_IDENTIFIER = "topabaem.sptial-audio";
				PRODUCT_NAME = "$(TARGET_NAME)";
				SUPPORTED_PLATFORMS = "xros xrsimulator";
				SWIFT_EMIT_LOC_STRINGS = YES;
				SWIFT_VERSION = 5.0;
				TARGETED_DEVICE_FAMILY = "1,2,7";
			};
			name = Debug;
		};
		3BE3B4552B600EA3009BAA36 /* Release */ = {
			isa = XCBuildConfiguration;
			buildSettings = {
				ASSETCATALOG_COMPILER_APPICON_NAME = AppIcon;
				ASSETCATALOG_COMPILER_GLOBAL_ACCENT_COLOR_NAME = AccentColor;
				CODE_SIGN_STYLE = Automatic;
				CURRENT_PROJECT_VERSION = 1;
				DEVELOPMENT_ASSET_PATHS = "\"sptial-audio/Preview Content\"";
				ENABLE_PREVIEWS = YES;
				GENERATE_INFOPLIST_FILE = YES;
				INFOPLIST_FILE = "$(TARGET_NAME)/Info.plist";
				LD_RUNPATH_SEARCH_PATHS = (
					"$(inherited)",
					"@executable_path/Frameworks",
				);
				MARKETING_VERSION = 1.0;
				PRODUCT_BUNDLE_IDENTIFIER = "topabaem.sptial-audio";
				PRODUCT_NAME = "$(TARGET_NAME)";
				SUPPORTED_PLATFORMS = "xros xrsimulator";
				SWIFT_EMIT_LOC_STRINGS = YES;
				SWIFT_VERSION = 5.0;
				TARGETED_DEVICE_FAMILY = "1,2,7";
			};
			name = Release;
		};
		3BE3B4572B600EA3009BAA36 /* Debug */ = {
			isa = XCBuildConfiguration;
			buildSettings = {
				ALWAYS_EMBED_SWIFT_STANDARD_LIBRARIES = YES;
				BUNDLE_LOADER = "$(TEST_HOST)";
				CODE_SIGN_STYLE = Automatic;
				CURRENT_PROJECT_VERSION = 1;
				GENERATE_INFOPLIST_FILE = YES;
				MARKETING_VERSION = 1.0;
				PRODUCT_BUNDLE_IDENTIFIER = "topabaem.sptial-audioTests";
				PRODUCT_NAME = "$(TARGET_NAME)";
				SUPPORTED_PLATFORMS = "xros xrsimulator";
				SWIFT_EMIT_LOC_STRINGS = NO;
				SWIFT_VERSION = 5.0;
				TARGETED_DEVICE_FAMILY = "1,2,7";
				TEST_HOST = "$(BUILT_PRODUCTS_DIR)/sptial-audio.app/$(BUNDLE_EXECUTABLE_FOLDER_PATH)/sptial-audio";
				XROS_DEPLOYMENT_TARGET = 1.0;
			};
			name = Debug;
		};
		3BE3B4582B600EA3009BAA36 /* Release */ = {
			isa = XCBuildConfiguration;
			buildSettings = {
				ALWAYS_EMBED_SWIFT_STANDARD_LIBRARIES = YES;
				BUNDLE_LOADER = "$(TEST_HOST)";
				CODE_SIGN_STYLE = Automatic;
				CURRENT_PROJECT_VERSION = 1;
				GENERATE_INFOPLIST_FILE = YES;
				MARKETING_VERSION = 1.0;
				PRODUCT_BUNDLE_IDENTIFIER = "topabaem.sptial-audioTests";
				PRODUCT_NAME = "$(TARGET_NAME)";
				SUPPORTED_PLATFORMS = "xros xrsimulator";
				SWIFT_EMIT_LOC_STRINGS = NO;
				SWIFT_VERSION = 5.0;
				TARGETED_DEVICE_FAMILY = "1,2,7";
				TEST_HOST = "$(BUILT_PRODUCTS_DIR)/sptial-audio.app/$(BUNDLE_EXECUTABLE_FOLDER_PATH)/sptial-audio";
				XROS_DEPLOYMENT_TARGET = 1.0;
			};
			name = Release;
		};
/* End XCBuildConfiguration section */

/* Begin XCConfigurationList section */
		3BE3B4312B600EA1009BAA36 /* Build configuration list for PBXProject "sptial-audio" */ = {
			isa = XCConfigurationList;
			buildConfigurations = (
				3BE3B4512B600EA3009BAA36 /* Debug */,
				3BE3B4522B600EA3009BAA36 /* Release */,
			);
			defaultConfigurationIsVisible = 0;
			defaultConfigurationName = Release;
		};
		3BE3B4532B600EA3009BAA36 /* Build configuration list for PBXNativeTarget "sptial-audio" */ = {
			isa = XCConfigurationList;
			buildConfigurations = (
				3BE3B4542B600EA3009BAA36 /* Debug */,
				3BE3B4552B600EA3009BAA36 /* Release */,
			);
			defaultConfigurationIsVisible = 0;
			defaultConfigurationName = Release;
		};
		3BE3B4562B600EA3009BAA36 /* Build configuration list for PBXNativeTarget "sptial-audioTests" */ = {
			isa = XCConfigurationList;
			buildConfigurations = (
				3BE3B4572B600EA3009BAA36 /* Debug */,
				3BE3B4582B600EA3009BAA36 /* Release */,
			);
			defaultConfigurationIsVisible = 0;
			defaultConfigurationName = Release;
		};
/* End XCConfigurationList section */

/* Begin XCSwiftPackageProductDependency section */
		3BE3B43B2B600EA1009BAA36 /* RealityKitContent */ = {
			isa = XCSwiftPackageProductDependency;
			productName = RealityKitContent;
		};
/* End XCSwiftPackageProductDependency section */
	};
	rootObject = 3BE3B42E2B600EA1009BAA36 /* Project object */;
}
